
Microsoft Visual Studio Solution File, Format Version 12.00
# Visual Studio 2012
Project("{FAE04EC0-301F-11D3-BF4B-00C04F79EFBC}") = "FATURA PROJESİ", "FATURA PROJESİ\FATURA PROJESİ.csproj", "{2639B853-1199-4723-826C-44BB0B2CFDE3}"
EndProject
Global
	GlobalSection(SolutionConfigurationPlatforms) = preSolution
		Debug|Any CPU = Debug|Any CPU
		Release|Any CPU = Release|Any CPU
	EndGlobalSection
	GlobalSection(ProjectConfigurationPlatforms) = postSolution
		{2639B853-1199-4723-826C-44BB0B2CFDE3}.Debug|Any CPU.ActiveCfg = Debug|Any CPU
		{2639B853-1199-4723-826C-44BB0B2CFDE3}.Debug|Any CPU.Build.0 = Debug|Any CPU
		{2639B853-1199-4723-826C-44BB0B2CFDE3}.Release|Any CPU.ActiveCfg = Release|Any CPU
		{2639B853-1199-4723-826C-44BB0B2CFDE3}.Release|Any CPU.Build.0 = Release|Any CPU
	EndGlobalSection
	GlobalSection(SolutionProperties) = preSolution
		HideSolutionNode = FALSE
	EndGlobalSection
EndGlobal
